
Microsoft Visual Studio Solution File, Format Version 12.00
# Visual Studio Version 17
VisualStudioVersion = 17.10.35027.167
MinimumVisualStudioVersion = 10.0.40219.1
Project("{8BC9CEB8-8B4A-11D0-8D11-00A0C91BC942}") = "ToDoList", "ToDoList.vcxproj", "{B159F6A1-652D-49B3-AEF8-723AEA873503}"
EndProject
Global
	GlobalSection(SolutionConfigurationPlatforms) = preSolution
		Debug|x64 = Debug|x64
		Debug|x86 = Debug|x86
		Release|x64 = Release|x64
		Release|x86 = Release|x86
	EndGlobalSection
	GlobalSection(ProjectConfigurationPlatforms) = postSolution
		{B159F6A1-652D-49B3-AEF8-723AEA873503}.Debug|x64.ActiveCfg = Debug|x64
		{B159F6A1-652D-49B3-AEF8-723AEA873503}.Debug|x64.Build.0 = Debug|x64
		{B159F6A1-652D-49B3-AEF8-723AEA873503}.Debug|x86.ActiveCfg = Debug|Win32
		{B159F6A1-652D-49B3-AEF8-723AEA873503}.Debug|x86.Build.0 = Debug|Win32
		{B159F6A1-652D-49B3-AEF8-723AEA873503}.Release|x64.ActiveCfg = Release|x64
		{B159F6A1-652D-49B3-AEF8-723AEA873503}.Release|x64.Build.0 = Release|x64
		{B159F6A1-652D-49B3-AEF8-723AEA873503}.Release|x86.ActiveCfg = Release|Win32
		{B159F6A1-652D-49B3-AEF8-723AEA873503}.Release|x86.Build.0 = Release|Win32
	EndGlobalSection
	GlobalSection(SolutionProperties) = preSolution
		HideSolutionNode = FALSE
	EndGlobalSection
	GlobalSection(ExtensibilityGlobals) = postSolution
		SolutionGuid = {71CDF839-D039-4D35-BAF9-33FF80272B71}
	EndGlobalSection
EndGlobal
